// !$*UTF8*$!
{
	archiveVersion = 1;
	classes = {
	};
	objectVersion = 56;
	objects = {

/* Begin PBXBuildFile section */
		8703582D2D36A5FA0007204E /* CustomIconButton.swift in Sources */ = {isa = PBXBuildFile; fileRef = 8703582C2D36A5FA0007204E /* CustomIconButton.swift */; };
		8703582F2D36A93A0007204E /* CoinLogoView.swift in Sources */ = {isa = PBXBuildFile; fileRef = 8703582E2D36A93A0007204E /* CoinLogoView.swift */; };
		870358312D36AC070007204E /* View+Extension.swift in Sources */ = {isa = PBXBuildFile; fileRef = 870358302D36AC070007204E /* View+Extension.swift */; };
		870358342D38EDCB0007204E /* PortfolioContainer.xcdatamodeld in Sources */ = {isa = PBXBuildFile; fileRef = 870358322D38EDCB0007204E /* PortfolioContainer.xcdatamodeld */; };
		870358362D38EE730007204E /* PortfolioDataService.swift in Sources */ = {isa = PBXBuildFile; fileRef = 870358352D38EE730007204E /* PortfolioDataService.swift */; };
		870358382D390D170007204E /* NotificationManager.swift in Sources */ = {isa = PBXBuildFile; fileRef = 870358372D390D170007204E /* NotificationManager.swift */; };
		871E7A482D5B92AB0037DAA3 /* CoinDetailViewVM.swift in Sources */ = {isa = PBXBuildFile; fileRef = 871E7A472D5B92AB0037DAA3 /* CoinDetailViewVM.swift */; };
		871E7A4A2D5B95B50037DAA3 /* CoinDetailDataService.swift in Sources */ = {isa = PBXBuildFile; fileRef = 871E7A492D5B95B50037DAA3 /* CoinDetailDataService.swift */; };
		8731EE662D3508FE00067DC8 /* TrackCoinsApp.swift in Sources */ = {isa = PBXBuildFile; fileRef = 8731EE652D3508FE00067DC8 /* TrackCoinsApp.swift */; };
		8731EE682D3508FE00067DC8 /* ContentView.swift in Sources */ = {isa = PBXBuildFile; fileRef = 8731EE672D3508FE00067DC8 /* ContentView.swift */; };
		8731EE6D2D3508FF00067DC8 /* Preview Assets.xcassets in Resources */ = {isa = PBXBuildFile; fileRef = 8731EE6C2D3508FF00067DC8 /* Preview Assets.xcassets */; };
		8731EE742D35092A00067DC8 /* Assets.xcassets in Resources */ = {isa = PBXBuildFile; fileRef = 8731EE732D35092A00067DC8 /* Assets.xcassets */; };
		8731EEB62D350AB100067DC8 /* Date.swift in Sources */ = {isa = PBXBuildFile; fileRef = 8731EEB52D350AB100067DC8 /* Date.swift */; };
		8731EEBC2D350AC100067DC8 /* PreviewProvider.swift in Sources */ = {isa = PBXBuildFile; fileRef = 8731EEB72D350AC100067DC8 /* PreviewProvider.swift */; };
		8731EEBD2D350AC100067DC8 /* Color.swift in Sources */ = {isa = PBXBuildFile; fileRef = 8731EEB82D350AC100067DC8 /* Color.swift */; };
		8731EEBE2D350AC100067DC8 /* Double.swift in Sources */ = {isa = PBXBuildFile; fileRef = 8731EEB92D350AC100067DC8 /* Double.swift */; };
		8731EEBF2D350AC100067DC8 /* String.swift in Sources */ = {isa = PBXBuildFile; fileRef = 8731EEBA2D350AC100067DC8 /* String.swift */; };
		8731EEC02D350AC100067DC8 /* UIApplication.swift in Sources */ = {isa = PBXBuildFile; fileRef = 8731EEBB2D350AC100067DC8 /* UIApplication.swift */; };
		8731EEC62D350AF300067DC8 /* CoinModel.swift in Sources */ = {isa = PBXBuildFile; fileRef = 8731EEC22D350AF300067DC8 /* CoinModel.swift */; };
		8731EEC72D350AF300067DC8 /* CoinDetailModel.swift in Sources */ = {isa = PBXBuildFile; fileRef = 8731EEC32D350AF300067DC8 /* CoinDetailModel.swift */; };
		8731EEC82D350AF300067DC8 /* StatisticModel.swift in Sources */ = {isa = PBXBuildFile; fileRef = 8731EEC42D350AF300067DC8 /* StatisticModel.swift */; };
		8731EEC92D350AF300067DC8 /* MarketDataModel.swift in Sources */ = {isa = PBXBuildFile; fileRef = 8731EEC52D350AF300067DC8 /* MarketDataModel.swift */; };
		8731EECD2D350B2C00067DC8 /* CoinDataService.swift in Sources */ = {isa = PBXBuildFile; fileRef = 8731EECB2D350B2C00067DC8 /* CoinDataService.swift */; };
		8731EECE2D350B2C00067DC8 /* CoinImageService.swift in Sources */ = {isa = PBXBuildFile; fileRef = 8731EECC2D350B2C00067DC8 /* CoinImageService.swift */; };
		8731EED22D350B7800067DC8 /* LocalFileManager.swift in Sources */ = {isa = PBXBuildFile; fileRef = 8731EED02D350B7800067DC8 /* LocalFileManager.swift */; };
		8731EED32D350B7800067DC8 /* NetworkingManager.swift in Sources */ = {isa = PBXBuildFile; fileRef = 8731EED12D350B7800067DC8 /* NetworkingManager.swift */; };
		8731EEE32D350BD100067DC8 /* CircleButtonView.swift in Sources */ = {isa = PBXBuildFile; fileRef = 8731EED72D350BD100067DC8 /* CircleButtonView.swift */; };
		8731EEE42D350BD100067DC8 /* CircleButtonAnimationView.swift in Sources */ = {isa = PBXBuildFile; fileRef = 8731EED82D350BD100067DC8 /* CircleButtonAnimationView.swift */; };
		8731EEE52D350BD100067DC8 /* SearchBarView.swift in Sources */ = {isa = PBXBuildFile; fileRef = 8731EED92D350BD100067DC8 /* SearchBarView.swift */; };
		8731EEE62D350BD100067DC8 /* CoinViewModel.swift in Sources */ = {isa = PBXBuildFile; fileRef = 8731EEDB2D350BD100067DC8 /* CoinViewModel.swift */; };
		8731EEE72D350BD100067DC8 /* CoinImageView.swift in Sources */ = {isa = PBXBuildFile; fileRef = 8731EEDC2D350BD100067DC8 /* CoinImageView.swift */; };
		8731EEE82D350BD100067DC8 /* HomeViewModel.swift in Sources */ = {isa = PBXBuildFile; fileRef = 8731EEDF2D350BD100067DC8 /* HomeViewModel.swift */; };
		8731EEE92D350BD100067DC8 /* HomeView.swift in Sources */ = {isa = PBXBuildFile; fileRef = 8731EEE12D350BD100067DC8 /* HomeView.swift */; };
		8731EEEA2D350BD100067DC8 /* CoinRowView.swift in Sources */ = {isa = PBXBuildFile; fileRef = 8731EEE22D350BD100067DC8 /* CoinRowView.swift */; };
		8731EEEC2D351C1400067DC8 /* StatisticView.swift in Sources */ = {isa = PBXBuildFile; fileRef = 8731EEEB2D351C1400067DC8 /* StatisticView.swift */; };
		8731EEEE2D3559F000067DC8 /* MarketDataService.swift in Sources */ = {isa = PBXBuildFile; fileRef = 8731EEED2D3559F000067DC8 /* MarketDataService.swift */; };
		8731EEF02D3566D500067DC8 /* PortifolioView.swift in Sources */ = {isa = PBXBuildFile; fileRef = 8731EEEF2D3566D500067DC8 /* PortifolioView.swift */; };
		8768DDF02D5B8BB3008B149E /* DetailView.swift in Sources */ = {isa = PBXBuildFile; fileRef = 8768DDEF2D5B8BB3008B149E /* DetailView.swift */; };
/* End PBXBuildFile section */

/* Begin PBXFileReference section */
		8703582C2D36A5FA0007204E /* CustomIconButton.swift */ = {isa = PBXFileReference; lastKnownFileType = sourcecode.swift; path = CustomIconButton.swift; sourceTree = "<group>"; };
		8703582E2D36A93A0007204E /* CoinLogoView.swift */ = {isa = PBXFileReference; lastKnownFileType = sourcecode.swift; path = CoinLogoView.swift; sourceTree = "<group>"; };
		870358302D36AC070007204E /* View+Extension.swift */ = {isa = PBXFileReference; lastKnownFileType = sourcecode.swift; path = "View+Extension.swift"; sourceTree = "<group>"; };
		870358332D38EDCB0007204E /* PortfolioContainer.xcdatamodel */ = {isa = PBXFileReference; lastKnownFileType = wrapper.xcdatamodel; path = PortfolioContainer.xcdatamodel; sourceTree = "<group>"; };
		870358352D38EE730007204E /* PortfolioDataService.swift */ = {isa = PBXFileReference; lastKnownFileType = sourcecode.swift; path = PortfolioDataService.swift; sourceTree = "<group>"; };
		870358372D390D170007204E /* NotificationManager.swift */ = {isa = PBXFileReference; lastKnownFileType = sourcecode.swift; path = NotificationManager.swift; sourceTree = "<group>"; };
		871E7A472D5B92AB0037DAA3 /* CoinDetailViewVM.swift */ = {isa = PBXFileReference; lastKnownFileType = sourcecode.swift; path = CoinDetailViewVM.swift; sourceTree = "<group>"; };
		871E7A492D5B95B50037DAA3 /* CoinDetailDataService.swift */ = {isa = PBXFileReference; lastKnownFileType = sourcecode.swift; path = CoinDetailDataService.swift; sourceTree = "<group>"; };
		8731EE622D3508FE00067DC8 /* TrackCoins.app */ = {isa = PBXFileReference; explicitFileType = wrapper.application; includeInIndex = 0; path = TrackCoins.app; sourceTree = BUILT_PRODUCTS_DIR; };
		8731EE652D3508FE00067DC8 /* TrackCoinsApp.swift */ = {isa = PBXFileReference; lastKnownFileType = sourcecode.swift; path = TrackCoinsApp.swift; sourceTree = "<group>"; };
		8731EE672D3508FE00067DC8 /* ContentView.swift */ = {isa = PBXFileReference; lastKnownFileType = sourcecode.swift; path = ContentView.swift; sourceTree = "<group>"; };
		8731EE6C2D3508FF00067DC8 /* Preview Assets.xcassets */ = {isa = PBXFileReference; lastKnownFileType = folder.assetcatalog; path = "Preview Assets.xcassets"; sourceTree = "<group>"; };
		8731EE732D35092A00067DC8 /* Assets.xcassets */ = {isa = PBXFileReference; lastKnownFileType = folder.assetcatalog; name = Assets.xcassets; path = ../../../../../Downloads/Resources/Assets.xcassets; sourceTree = "<group>"; };
		8731EEB52D350AB100067DC8 /* Date.swift */ = {isa = PBXFileReference; fileEncoding = 4; lastKnownFileType = sourcecode.swift; path = Date.swift; sourceTree = "<group>"; };
		8731EEB72D350AC100067DC8 /* PreviewProvider.swift */ = {isa = PBXFileReference; fileEncoding = 4; lastKnownFileType = sourcecode.swift; path = PreviewProvider.swift; sourceTree = "<group>"; };
		8731EEB82D350AC100067DC8 /* Color.swift */ = {isa = PBXFileReference; fileEncoding = 4; lastKnownFileType = sourcecode.swift; path = Color.swift; sourceTree = "<group>"; };
		8731EEB92D350AC100067DC8 /* Double.swift */ = {isa = PBXFileReference; fileEncoding = 4; lastKnownFileType = sourcecode.swift; path = Double.swift; sourceTree = "<group>"; };
		8731EEBA2D350AC100067DC8 /* String.swift */ = {isa = PBXFileReference; fileEncoding = 4; lastKnownFileType = sourcecode.swift; path = String.swift; sourceTree = "<group>"; };
		8731EEBB2D350AC100067DC8 /* UIApplication.swift */ = {isa = PBXFileReference; fileEncoding = 4; lastKnownFileType = sourcecode.swift; path = UIApplication.swift; sourceTree = "<group>"; };
		8731EEC22D350AF300067DC8 /* CoinModel.swift */ = {isa = PBXFileReference; fileEncoding = 4; lastKnownFileType = sourcecode.swift; path = CoinModel.swift; sourceTree = "<group>"; };
		8731EEC32D350AF300067DC8 /* CoinDetailModel.swift */ = {isa = PBXFileReference; fileEncoding = 4; lastKnownFileType = sourcecode.swift; path = CoinDetailModel.swift; sourceTree = "<group>"; };
		8731EEC42D350AF300067DC8 /* StatisticModel.swift */ = {isa = PBXFileReference; fileEncoding = 4; lastKnownFileType = sourcecode.swift; path = StatisticModel.swift; sourceTree = "<group>"; };
		8731EEC52D350AF300067DC8 /* MarketDataModel.swift */ = {isa = PBXFileReference; fileEncoding = 4; lastKnownFileType = sourcecode.swift; path = MarketDataModel.swift; sourceTree = "<group>"; };
		8731EECB2D350B2C00067DC8 /* CoinDataService.swift */ = {isa = PBXFileReference; fileEncoding = 4; lastKnownFileType = sourcecode.swift; path = CoinDataService.swift; sourceTree = "<group>"; };
		8731EECC2D350B2C00067DC8 /* CoinImageService.swift */ = {isa = PBXFileReference; fileEncoding = 4; lastKnownFileType = sourcecode.swift; path = CoinImageService.swift; sourceTree = "<group>"; };
		8731EED02D350B7800067DC8 /* LocalFileManager.swift */ = {isa = PBXFileReference; fileEncoding = 4; lastKnownFileType = sourcecode.swift; path = LocalFileManager.swift; sourceTree = "<group>"; };
		8731EED12D350B7800067DC8 /* NetworkingManager.swift */ = {isa = PBXFileReference; fileEncoding = 4; lastKnownFileType = sourcecode.swift; path = NetworkingManager.swift; sourceTree = "<group>"; };
		8731EED72D350BD100067DC8 /* CircleButtonView.swift */ = {isa = PBXFileReference; fileEncoding = 4; lastKnownFileType = sourcecode.swift; path = CircleButtonView.swift; sourceTree = "<group>"; };
		8731EED82D350BD100067DC8 /* CircleButtonAnimationView.swift */ = {isa = PBXFileReference; fileEncoding = 4; lastKnownFileType = sourcecode.swift; path = CircleButtonAnimationView.swift; sourceTree = "<group>"; };
		8731EED92D350BD100067DC8 /* SearchBarView.swift */ = {isa = PBXFileReference; fileEncoding = 4; lastKnownFileType = sourcecode.swift; path = SearchBarView.swift; sourceTree = "<group>"; };
		8731EEDB2D350BD100067DC8 /* CoinViewModel.swift */ = {isa = PBXFileReference; fileEncoding = 4; lastKnownFileType = sourcecode.swift; path = CoinViewModel.swift; sourceTree = "<group>"; };
		8731EEDC2D350BD100067DC8 /* CoinImageView.swift */ = {isa = PBXFileReference; fileEncoding = 4; lastKnownFileType = sourcecode.swift; path = CoinImageView.swift; sourceTree = "<group>"; };
		8731EEDF2D350BD100067DC8 /* HomeViewModel.swift */ = {isa = PBXFileReference; fileEncoding = 4; lastKnownFileType = sourcecode.swift; path = HomeViewModel.swift; sourceTree = "<group>"; };
		8731EEE12D350BD100067DC8 /* HomeView.swift */ = {isa = PBXFileReference; fileEncoding = 4; lastKnownFileType = sourcecode.swift; path = HomeView.swift; sourceTree = "<group>"; };
		8731EEE22D350BD100067DC8 /* CoinRowView.swift */ = {isa = PBXFileReference; fileEncoding = 4; lastKnownFileType = sourcecode.swift; path = CoinRowView.swift; sourceTree = "<group>"; };
		8731EEEB2D351C1400067DC8 /* StatisticView.swift */ = {isa = PBXFileReference; lastKnownFileType = sourcecode.swift; path = StatisticView.swift; sourceTree = "<group>"; };
		8731EEED2D3559F000067DC8 /* MarketDataService.swift */ = {isa = PBXFileReference; lastKnownFileType = sourcecode.swift; path = MarketDataService.swift; sourceTree = "<group>"; };
		8731EEEF2D3566D500067DC8 /* PortifolioView.swift */ = {isa = PBXFileReference; lastKnownFileType = sourcecode.swift; path = PortifolioView.swift; sourceTree = "<group>"; };
		8768DDEF2D5B8BB3008B149E /* DetailView.swift */ = {isa = PBXFileReference; lastKnownFileType = sourcecode.swift; path = DetailView.swift; sourceTree = "<group>"; };
/* End PBXFileReference section */

/* Begin PBXFrameworksBuildPhase section */
		8731EE5F2D3508FE00067DC8 /* Frameworks */ = {
			isa = PBXFrameworksBuildPhase;
			buildActionMask = 2147483647;
			files = (
			);
			runOnlyForDeploymentPostprocessing = 0;
		};
/* End PBXFrameworksBuildPhase section */

/* Begin PBXGroup section */
		8731EE592D3508FE00067DC8 = {
			isa = PBXGroup;
			children = (
				8731EE642D3508FE00067DC8 /* TrackCoins */,
				8731EE632D3508FE00067DC8 /* Products */,
			);
			sourceTree = "<group>";
		};
		8731EE632D3508FE00067DC8 /* Products */ = {
			isa = PBXGroup;
			children = (
				8731EE622D3508FE00067DC8 /* TrackCoins.app */,
			);
			name = Products;
			sourceTree = "<group>";
		};
		8731EE642D3508FE00067DC8 /* TrackCoins */ = {
			isa = PBXGroup;
			children = (
				8731EED42D350BBA00067DC8 /* Core */,
				8731EECF2D350B6800067DC8 /* Utilities */,
				8731EECA2D350B1A00067DC8 /* Services */,
				8731EEC12D350AE600067DC8 /* Models */,
				8731EEB42D350A6300067DC8 /* Extensions */,
				8731EE652D3508FE00067DC8 /* TrackCoinsApp.swift */,
				8731EE672D3508FE00067DC8 /* ContentView.swift */,
				8731EE732D35092A00067DC8 /* Assets.xcassets */,
				8731EE6B2D3508FF00067DC8 /* Preview Content */,
			);
			path = TrackCoins;
			sourceTree = "<group>";
		};
		8731EE6B2D3508FF00067DC8 /* Preview Content */ = {
			isa = PBXGroup;
			children = (
				8731EE6C2D3508FF00067DC8 /* Preview Assets.xcassets */,
			);
			path = "Preview Content";
			sourceTree = "<group>";
		};
		8731EEB42D350A6300067DC8 /* Extensions */ = {
			isa = PBXGroup;
			children = (
				8731EEB82D350AC100067DC8 /* Color.swift */,
				8731EEB92D350AC100067DC8 /* Double.swift */,
				8731EEB72D350AC100067DC8 /* PreviewProvider.swift */,
				8731EEBA2D350AC100067DC8 /* String.swift */,
				8731EEBB2D350AC100067DC8 /* UIApplication.swift */,
				8731EEB52D350AB100067DC8 /* Date.swift */,
				870358302D36AC070007204E /* View+Extension.swift */,
			);
			path = Extensions;
			sourceTree = "<group>";
		};
		8731EEC12D350AE600067DC8 /* Models */ = {
			isa = PBXGroup;
			children = (
				8731EEC32D350AF300067DC8 /* CoinDetailModel.swift */,
				8731EEC22D350AF300067DC8 /* CoinModel.swift */,
				8731EEC52D350AF300067DC8 /* MarketDataModel.swift */,
				8731EEC42D350AF300067DC8 /* StatisticModel.swift */,
				870358322D38EDCB0007204E /* PortfolioContainer.xcdatamodeld */,
			);
			path = Models;
			sourceTree = "<group>";
		};
		8731EECA2D350B1A00067DC8 /* Services */ = {
			isa = PBXGroup;
			children = (
				8731EECB2D350B2C00067DC8 /* CoinDataService.swift */,
				8731EECC2D350B2C00067DC8 /* CoinImageService.swift */,
				8731EEED2D3559F000067DC8 /* MarketDataService.swift */,
				870358352D38EE730007204E /* PortfolioDataService.swift */,
				871E7A492D5B95B50037DAA3 /* CoinDetailDataService.swift */,
			);
			path = Services;
			sourceTree = "<group>";
		};
		8731EECF2D350B6800067DC8 /* Utilities */ = {
			isa = PBXGroup;
			children = (
				8731EED02D350B7800067DC8 /* LocalFileManager.swift */,
				8731EED12D350B7800067DC8 /* NetworkingManager.swift */,
				870358372D390D170007204E /* NotificationManager.swift */,
			);
			path = Utilities;
			sourceTree = "<group>";
		};
		8731EED42D350BBA00067DC8 /* Core */ = {
			isa = PBXGroup;
			children = (
				8768DDEC2D5B8B8A008B149E /* DetailPage */,
				8731EED52D350BD100067DC8 /* Components */,
				8731EEDD2D350BD100067DC8 /* Home */,
			);
			path = Core;
			sourceTree = "<group>";
		};
		8731EED52D350BD100067DC8 /* Components */ = {
			isa = PBXGroup;
			children = (
				8731EED62D350BD100067DC8 /* CircleButton */,
				8731EED92D350BD100067DC8 /* SearchBarView.swift */,
				8731EEEB2D351C1400067DC8 /* StatisticView.swift */,
				8731EEDA2D350BD100067DC8 /* CoinImage */,
				8703582C2D36A5FA0007204E /* CustomIconButton.swift */,
			);
			path = Components;
			sourceTree = "<group>";
		};
		8731EED62D350BD100067DC8 /* CircleButton */ = {
			isa = PBXGroup;
			children = (
				8731EED72D350BD100067DC8 /* CircleButtonView.swift */,
				8731EED82D350BD100067DC8 /* CircleButtonAnimationView.swift */,
			);
			path = CircleButton;
			sourceTree = "<group>";
		};
		8731EEDA2D350BD100067DC8 /* CoinImage */ = {
			isa = PBXGroup;
			children = (
				8731EEDB2D350BD100067DC8 /* CoinViewModel.swift */,
				8731EEDC2D350BD100067DC8 /* CoinImageView.swift */,
				8703582E2D36A93A0007204E /* CoinLogoView.swift */,
			);
			path = CoinImage;
			sourceTree = "<group>";
		};
		8731EEDD2D350BD100067DC8 /* Home */ = {
			isa = PBXGroup;
			children = (
				8731EEDE2D350BD100067DC8 /* ViewModels */,
				8731EEE02D350BD100067DC8 /* Views */,
			);
			path = Home;
			sourceTree = "<group>";
		};
		8731EEDE2D350BD100067DC8 /* ViewModels */ = {
			isa = PBXGroup;
			children = (
				8731EEDF2D350BD100067DC8 /* HomeViewModel.swift */,
			);
			path = ViewModels;
			sourceTree = "<group>";
		};
		8731EEE02D350BD100067DC8 /* Views */ = {
			isa = PBXGroup;
			children = (
				8731EEE12D350BD100067DC8 /* HomeView.swift */,
				8731EEE22D350BD100067DC8 /* CoinRowView.swift */,
				8731EEEF2D3566D500067DC8 /* PortifolioView.swift */,
			);
			path = Views;
			sourceTree = "<group>";
		};
		8768DDEC2D5B8B8A008B149E /* DetailPage */ = {
			isa = PBXGroup;
			children = (
				8768DDEE2D5B8BA1008B149E /* Views */,
				8768DDED2D5B8B99008B149E /* ViewModels */,
			);
			path = DetailPage;
			sourceTree = "<group>";
		};
		8768DDED2D5B8B99008B149E /* ViewModels */ = {
			isa = PBXGroup;
			children = (
				871E7A472D5B92AB0037DAA3 /* CoinDetailViewVM.swift */,
			);
			path = ViewModels;
			sourceTree = "<group>";
		};
		8768DDEE2D5B8BA1008B149E /* Views */ = {
			isa = PBXGroup;
			children = (
				8768DDEF2D5B8BB3008B149E /* DetailView.swift */,
			);
			path = Views;
			sourceTree = "<group>";
		};
/* End PBXGroup section */

/* Begin PBXNativeTarget section */
		8731EE612D3508FE00067DC8 /* TrackCoins */ = {
			isa = PBXNativeTarget;
			buildConfigurationList = 8731EE702D3508FF00067DC8 /* Build configuration list for PBXNativeTarget "TrackCoins" */;
			buildPhases = (
				8731EE5E2D3508FE00067DC8 /* Sources */,
				8731EE5F2D3508FE00067DC8 /* Frameworks */,
				8731EE602D3508FE00067DC8 /* Resources */,
			);
			buildRules = (
			);
			dependencies = (
			);
			name = TrackCoins;
			productName = TrackCoins;
			productReference = 8731EE622D3508FE00067DC8 /* TrackCoins.app */;
			productType = "com.apple.product-type.application";
		};
/* End PBXNativeTarget section */

/* Begin PBXProject section */
		8731EE5A2D3508FE00067DC8 /* Project object */ = {
			isa = PBXProject;
			attributes = {
				BuildIndependentTargetsInParallel = 1;
				LastSwiftUpdateCheck = 1500;
				LastUpgradeCheck = 1500;
				TargetAttributes = {
					8731EE612D3508FE00067DC8 = {
						CreatedOnToolsVersion = 15.0.1;
					};
				};
			};
			buildConfigurationList = 8731EE5D2D3508FE00067DC8 /* Build configuration list for PBXProject "TrackCoins" */;
			compatibilityVersion = "Xcode 14.0";
			developmentRegion = en;
			hasScannedForEncodings = 0;
			knownRegions = (
				en,
				Base,
			);
			mainGroup = 8731EE592D3508FE00067DC8;
			productRefGroup = 8731EE632D3508FE00067DC8 /* Products */;
			projectDirPath = "";
			projectRoot = "";
			targets = (
				8731EE612D3508FE00067DC8 /* TrackCoins */,
			);
		};
/* End PBXProject section */

/* Begin PBXResourcesBuildPhase section */
		8731EE602D3508FE00067DC8 /* Resources */ = {
			isa = PBXResourcesBuildPhase;
			buildActionMask = 2147483647;
			files = (
				8731EE742D35092A00067DC8 /* Assets.xcassets in Resources */,
				8731EE6D2D3508FF00067DC8 /* Preview Assets.xcassets in Resources */,
			);
			runOnlyForDeploymentPostprocessing = 0;
		};
/* End PBXResourcesBuildPhase section */

/* Begin PBXSourcesBuildPhase section */
		8731EE5E2D3508FE00067DC8 /* Sources */ = {
			isa = PBXSourcesBuildPhase;
			buildActionMask = 2147483647;
			files = (
				871E7A482D5B92AB0037DAA3 /* CoinDetailViewVM.swift in Sources */,
				8731EEEA2D350BD100067DC8 /* CoinRowView.swift in Sources */,
				8731EEC02D350AC100067DC8 /* UIApplication.swift in Sources */,
				8731EEE82D350BD100067DC8 /* HomeViewModel.swift in Sources */,
				8703582D2D36A5FA0007204E /* CustomIconButton.swift in Sources */,
				8731EEC82D350AF300067DC8 /* StatisticModel.swift in Sources */,
				8731EED22D350B7800067DC8 /* LocalFileManager.swift in Sources */,
				8731EE682D3508FE00067DC8 /* ContentView.swift in Sources */,
				8731EEE32D350BD100067DC8 /* CircleButtonView.swift in Sources */,
				8731EEE72D350BD100067DC8 /* CoinImageView.swift in Sources */,
				8731EEE42D350BD100067DC8 /* CircleButtonAnimationView.swift in Sources */,
				8731EEBC2D350AC100067DC8 /* PreviewProvider.swift in Sources */,
				8731EED32D350B7800067DC8 /* NetworkingManager.swift in Sources */,
				8731EEB62D350AB100067DC8 /* Date.swift in Sources */,
				8731EECD2D350B2C00067DC8 /* CoinDataService.swift in Sources */,
				8731EEEE2D3559F000067DC8 /* MarketDataService.swift in Sources */,
				870358382D390D170007204E /* NotificationManager.swift in Sources */,
				8731EEBD2D350AC100067DC8 /* Color.swift in Sources */,
				8731EEBF2D350AC100067DC8 /* String.swift in Sources */,
				8731EEC92D350AF300067DC8 /* MarketDataModel.swift in Sources */,
				8768DDF02D5B8BB3008B149E /* DetailView.swift in Sources */,
				8731EEBE2D350AC100067DC8 /* Double.swift in Sources */,
				8731EEC62D350AF300067DC8 /* CoinModel.swift in Sources */,
				8731EEF02D3566D500067DC8 /* PortifolioView.swift in Sources */,
				870358342D38EDCB0007204E /* PortfolioContainer.xcdatamodeld in Sources */,
				8703582F2D36A93A0007204E /* CoinLogoView.swift in Sources */,
				870358312D36AC070007204E /* View+Extension.swift in Sources */,
				8731EEE62D350BD100067DC8 /* CoinViewModel.swift in Sources */,
				8731EE662D3508FE00067DC8 /* TrackCoinsApp.swift in Sources */,
				871E7A4A2D5B95B50037DAA3 /* CoinDetailDataService.swift in Sources */,
				8731EECE2D350B2C00067DC8 /* CoinImageService.swift in Sources */,
				8731EEEC2D351C1400067DC8 /* StatisticView.swift in Sources */,
				8731EEC72D350AF300067DC8 /* CoinDetailModel.swift in Sources */,
				8731EEE92D350BD100067DC8 /* HomeView.swift in Sources */,
				870358362D38EE730007204E /* PortfolioDataService.swift in Sources */,
				8731EEE52D350BD100067DC8 /* SearchBarView.swift in Sources */,
			);
			runOnlyForDeploymentPostprocessing = 0;
		};
/* End PBXSourcesBuildPhase section */

/* Begin XCBuildConfiguration section */
		8731EE6E2D3508FF00067DC8 /* Debug */ = {
			isa = XCBuildConfiguration;
			buildSettings = {
				ALWAYS_SEARCH_USER_PATHS = NO;
				ASSETCATALOG_COMPILER_GENERATE_SWIFT_ASSET_SYMBOL_EXTENSIONS = YES;
				CLANG_ANALYZER_NONNULL = YES;
				CLANG_ANALYZER_NUMBER_OBJECT_CONVERSION = YES_AGGRESSIVE;
				CLANG_CXX_LANGUAGE_STANDARD = "gnu++20";
				CLANG_ENABLE_MODULES = YES;
				CLANG_ENABLE_OBJC_ARC = YES;
				CLANG_ENABLE_OBJC_WEAK = YES;
				CLANG_WARN_BLOCK_CAPTURE_AUTORELEASING = YES;
				CLANG_WARN_BOOL_CONVERSION = YES;
				CLANG_WARN_COMMA = YES;
				CLANG_WARN_CONSTANT_CONVERSION = YES;
				CLANG_WARN_DEPRECATED_OBJC_IMPLEMENTATIONS = YES;
				CLANG_WARN_DIRECT_OBJC_ISA_USAGE = YES_ERROR;
				CLANG_WARN_DOCUMENTATION_COMMENTS = YES;
				CLANG_WARN_EMPTY_BODY = YES;
				CLANG_WARN_ENUM_CONVERSION = YES;
				CLANG_WARN_INFINITE_RECURSION = YES;
				CLANG_WARN_INT_CONVERSION = YES;
				CLANG_WARN_NON_LITERAL_NULL_CONVERSION = YES;
				CLANG_WARN_OBJC_IMPLICIT_RETAIN_SELF = YES;
				CLANG_WARN_OBJC_LITERAL_CONVERSION = YES;
				CLANG_WARN_OBJC_ROOT_CLASS = YES_ERROR;
				CLANG_WARN_QUOTED_INCLUDE_IN_FRAMEWORK_HEADER = YES;
				CLANG_WARN_RANGE_LOOP_ANALYSIS = YES;
				CLANG_WARN_STRICT_PROTOTYPES = YES;
				CLANG_WARN_SUSPICIOUS_MOVE = YES;
				CLANG_WARN_UNGUARDED_AVAILABILITY = YES_AGGRESSIVE;
				CLANG_WARN_UNREACHABLE_CODE = YES;
				CLANG_WARN__DUPLICATE_METHOD_MATCH = YES;
				COPY_PHASE_STRIP = NO;
				DEBUG_INFORMATION_FORMAT = dwarf;
				ENABLE_STRICT_OBJC_MSGSEND = YES;
				ENABLE_TESTABILITY = YES;
				ENABLE_USER_SCRIPT_SANDBOXING = YES;
				GCC_C_LANGUAGE_STANDARD = gnu17;
				GCC_DYNAMIC_NO_PIC = NO;
				GCC_NO_COMMON_BLOCKS = YES;
				GCC_OPTIMIZATION_LEVEL = 0;
				GCC_PREPROCESSOR_DEFINITIONS = (
					"DEBUG=1",
					"$(inherited)",
				);
				GCC_WARN_64_TO_32_BIT_CONVERSION = YES;
				GCC_WARN_ABOUT_RETURN_TYPE = YES_ERROR;
				GCC_WARN_UNDECLARED_SELECTOR = YES;
				GCC_WARN_UNINITIALIZED_AUTOS = YES_AGGRESSIVE;
				GCC_WARN_UNUSED_FUNCTION = YES;
				GCC_WARN_UNUSED_VARIABLE = YES;
				IPHONEOS_DEPLOYMENT_TARGET = 17.0;
				LOCALIZATION_PREFERS_STRING_CATALOGS = YES;
				MTL_ENABLE_DEBUG_INFO = INCLUDE_SOURCE;
				MTL_FAST_MATH = YES;
				ONLY_ACTIVE_ARCH = YES;
				SDKROOT = iphoneos;
				SWIFT_ACTIVE_COMPILATION_CONDITIONS = "DEBUG $(inherited)";
				SWIFT_OPTIMIZATION_LEVEL = "-Onone";
			};
			name = Debug;
		};
		8731EE6F2D3508FF00067DC8 /* Release */ = {
			isa = XCBuildConfiguration;
			buildSettings = {
				ALWAYS_SEARCH_USER_PATHS = NO;
				ASSETCATALOG_COMPILER_GENERATE_SWIFT_ASSET_SYMBOL_EXTENSIONS = YES;
				CLANG_ANALYZER_NONNULL = YES;
				CLANG_ANALYZER_NUMBER_OBJECT_CONVERSION = YES_AGGRESSIVE;
				CLANG_CXX_LANGUAGE_STANDARD = "gnu++20";
				CLANG_ENABLE_MODULES = YES;
				CLANG_ENABLE_OBJC_ARC = YES;
				CLANG_ENABLE_OBJC_WEAK = YES;
				CLANG_WARN_BLOCK_CAPTURE_AUTORELEASING = YES;
				CLANG_WARN_BOOL_CONVERSION = YES;
				CLANG_WARN_COMMA = YES;
				CLANG_WARN_CONSTANT_CONVERSION = YES;
				CLANG_WARN_DEPRECATED_OBJC_IMPLEMENTATIONS = YES;
				CLANG_WARN_DIRECT_OBJC_ISA_USAGE = YES_ERROR;
				CLANG_WARN_DOCUMENTATION_COMMENTS = YES;
				CLANG_WARN_EMPTY_BODY = YES;
				CLANG_WARN_ENUM_CONVERSION = YES;
				CLANG_WARN_INFINITE_RECURSION = YES;
				CLANG_WARN_INT_CONVERSION = YES;
				CLANG_WARN_NON_LITERAL_NULL_CONVERSION = YES;
				CLANG_WARN_OBJC_IMPLICIT_RETAIN_SELF = YES;
				CLANG_WARN_OBJC_LITERAL_CONVERSION = YES;
				CLANG_WARN_OBJC_ROOT_CLASS = YES_ERROR;
				CLANG_WARN_QUOTED_INCLUDE_IN_FRAMEWORK_HEADER = YES;
				CLANG_WARN_RANGE_LOOP_ANALYSIS = YES;
				CLANG_WARN_STRICT_PROTOTYPES = YES;
				CLANG_WARN_SUSPICIOUS_MOVE = YES;
				CLANG_WARN_UNGUARDED_AVAILABILITY = YES_AGGRESSIVE;
				CLANG_WARN_UNREACHABLE_CODE = YES;
				CLANG_WARN__DUPLICATE_METHOD_MATCH = YES;
				COPY_PHASE_STRIP = NO;
				DEBUG_INFORMATION_FORMAT = "dwarf-with-dsym";
				ENABLE_NS_ASSERTIONS = NO;
				ENABLE_STRICT_OBJC_MSGSEND = YES;
				ENABLE_USER_SCRIPT_SANDBOXING = YES;
				GCC_C_LANGUAGE_STANDARD = gnu17;
				GCC_NO_COMMON_BLOCKS = YES;
				GCC_WARN_64_TO_32_BIT_CONVERSION = YES;
				GCC_WARN_ABOUT_RETURN_TYPE = YES_ERROR;
				GCC_WARN_UNDECLARED_SELECTOR = YES;
				GCC_WARN_UNINITIALIZED_AUTOS = YES_AGGRESSIVE;
				GCC_WARN_UNUSED_FUNCTION = YES;
				GCC_WARN_UNUSED_VARIABLE = YES;
				IPHONEOS_DEPLOYMENT_TARGET = 17.0;
				LOCALIZATION_PREFERS_STRING_CATALOGS = YES;
				MTL_ENABLE_DEBUG_INFO = NO;
				MTL_FAST_MATH = YES;
				SDKROOT = iphoneos;
				SWIFT_COMPILATION_MODE = wholemodule;
				VALIDATE_PRODUCT = YES;
			};
			name = Release;
		};
		8731EE712D3508FF00067DC8 /* Debug */ = {
			isa = XCBuildConfiguration;
			buildSettings = {
				ASSETCATALOG_COMPILER_APPICON_NAME = AppIcon;
				ASSETCATALOG_COMPILER_GLOBAL_ACCENT_COLOR_NAME = AccentColor;
				CODE_SIGN_STYLE = Automatic;
				CURRENT_PROJECT_VERSION = 1;
				DEVELOPMENT_ASSET_PATHS = "\"TrackCoins/Preview Content\"";
				DEVELOPMENT_TEAM = 583MU3G3UH;
				ENABLE_PREVIEWS = YES;
				GENERATE_INFOPLIST_FILE = YES;
				INFOPLIST_KEY_UIApplicationSceneManifest_Generation = YES;
				INFOPLIST_KEY_UIApplicationSupportsIndirectInputEvents = YES;
				INFOPLIST_KEY_UILaunchScreen_Generation = YES;
				INFOPLIST_KEY_UISupportedInterfaceOrientations_iPad = "UIInterfaceOrientationPortrait UIInterfaceOrientationPortraitUpsideDown UIInterfaceOrientationLandscapeLeft UIInterfaceOrientationLandscapeRight";
				INFOPLIST_KEY_UISupportedInterfaceOrientations_iPhone = "UIInterfaceOrientationPortrait UIInterfaceOrientationLandscapeLeft UIInterfaceOrientationLandscapeRight";
				LD_RUNPATH_SEARCH_PATHS = (
					"$(inherited)",
					"@executable_path/Frameworks",
				);
				MARKETING_VERSION = 1.0;
				PRODUCT_BUNDLE_IDENTIFIER = com.xclusivo.TrackCoins;
				PRODUCT_NAME = "$(TARGET_NAME)";
				SWIFT_EMIT_LOC_STRINGS = YES;
				SWIFT_VERSION = 5.0;
				TARGETED_DEVICE_FAMILY = "1,2";
			};
			name = Debug;
		};
		8731EE722D3508FF00067DC8 /* Release */ = {
			isa = XCBuildConfiguration;
			buildSettings = {
				ASSETCATALOG_COMPILER_APPICON_NAME = AppIcon;
				ASSETCATALOG_COMPILER_GLOBAL_ACCENT_COLOR_NAME = AccentColor;
				CODE_SIGN_STYLE = Automatic;
				CURRENT_PROJECT_VERSION = 1;
				DEVELOPMENT_ASSET_PATHS = "\"TrackCoins/Preview Content\"";
				DEVELOPMENT_TEAM = 583MU3G3UH;
				ENABLE_PREVIEWS = YES;
				GENERATE_INFOPLIST_FILE = YES;
				INFOPLIST_KEY_UIApplicationSceneManifest_Generation = YES;
				INFOPLIST_KEY_UIApplicationSupportsIndirectInputEvents = YES;
				INFOPLIST_KEY_UILaunchScreen_Generation = YES;
				INFOPLIST_KEY_UISupportedInterfaceOrientations_iPad = "UIInterfaceOrientationPortrait UIInterfaceOrientationPortraitUpsideDown UIInterfaceOrientationLandscapeLeft UIInterfaceOrientationLandscapeRight";
				INFOPLIST_KEY_UISupportedInterfaceOrientations_iPhone = "UIInterfaceOrientationPortrait UIInterfaceOrientationLandscapeLeft UIInterfaceOrientationLandscapeRight";
				LD_RUNPATH_SEARCH_PATHS = (
					"$(inherited)",
					"@executable_path/Frameworks",
				);
				MARKETING_VERSION = 1.0;
				PRODUCT_BUNDLE_IDENTIFIER = com.xclusivo.TrackCoins;
				PRODUCT_NAME = "$(TARGET_NAME)";
				SWIFT_EMIT_LOC_STRINGS = YES;
				SWIFT_VERSION = 5.0;
				TARGETED_DEVICE_FAMILY = "1,2";
			};
			name = Release;
		};
/* End XCBuildConfiguration section */

/* Begin XCConfigurationList section */
		8731EE5D2D3508FE00067DC8 /* Build configuration list for PBXProject "TrackCoins" */ = {
			isa = XCConfigurationList;
			buildConfigurations = (
				8731EE6E2D3508FF00067DC8 /* Debug */,
				8731EE6F2D3508FF00067DC8 /* Release */,
			);
			defaultConfigurationIsVisible = 0;
			defaultConfigurationName = Release;
		};
		8731EE702D3508FF00067DC8 /* Build configuration list for PBXNativeTarget "TrackCoins" */ = {
			isa = XCConfigurationList;
			buildConfigurations = (
				8731EE712D3508FF00067DC8 /* Debug */,
				8731EE722D3508FF00067DC8 /* Release */,
			);
			defaultConfigurationIsVisible = 0;
			defaultConfigurationName = Release;
		};
/* End XCConfigurationList section */

/* Begin XCVersionGroup section */
		870358322D38EDCB0007204E /* PortfolioContainer.xcdatamodeld */ = {
			isa = XCVersionGroup;
			children = (
				870358332D38EDCB0007204E /* PortfolioContainer.xcdatamodel */,
			);
			currentVersion = 870358332D38EDCB0007204E /* PortfolioContainer.xcdatamodel */;
			path = PortfolioContainer.xcdatamodeld;
			sourceTree = "<group>";
			versionGroupType = wrapper.xcdatamodel;
		};
/* End XCVersionGroup section */
	};
	rootObject = 8731EE5A2D3508FE00067DC8 /* Project object */;
}
